
Microsoft Visual Studio Solution File, Format Version 12.00
# Visual Studio Version 17
VisualStudioVersion = 17.4.33205.214
MinimumVisualStudioVersion = 10.0.40219.1
Project("{FAE04EC0-301F-11D3-BF4B-00C04F79EFBC}") = "Thing", "Thing\Thing.csproj", "{EF06A99F-BD3D-41CD-80EE-275A292B56BD}"
EndProject
Global
	GlobalSection(SolutionConfigurationPlatforms) = preSolution
		Debug|Any CPU = Debug|Any CPU
		Release|Any CPU = Release|Any CPU
	EndGlobalSection
	GlobalSection(ProjectConfigurationPlatforms) = postSolution
		{EF06A99F-BD3D-41CD-80EE-275A292B56BD}.Debug|Any CPU.ActiveCfg = Debug|Any CPU
		{EF06A99F-BD3D-41CD-80EE-275A292B56BD}.Debug|Any CPU.Build.0 = Debug|Any CPU
		{EF06A99F-BD3D-41CD-80EE-275A292B56BD}.Release|Any CPU.ActiveCfg = Release|Any CPU
		{EF06A99F-BD3D-41CD-80EE-275A292B56BD}.Release|Any CPU.Build.0 = Release|Any CPU
	EndGlobalSection
	GlobalSection(SolutionProperties) = preSolution
		HideSolutionNode = FALSE
	EndGlobalSection
	GlobalSection(ExtensibilityGlobals) = postSolution
		SolutionGuid = {E20D00B9-09CC-4B58-AE9A-AE9BC51D3ACE}
	EndGlobalSection
EndGlobal
